
Microsoft Visual Studio Solution File, Format Version 12.00
Project("{2150E333-8FDC-42A3-9474-1A3956D46DE8}") = "src", "src", "{30C7E79B-09B0-4D3E-AF2D-73813D73C8E7}"
EndProject
Project("{2150E333-8FDC-42A3-9474-1A3956D46DE8}") = "Core", "Core", "{0E5B9AE0-4C70-4707-A6DB-7B126BC1928D}"
EndProject
Project("{2150E333-8FDC-42A3-9474-1A3956D46DE8}") = "Tests", "Tests", "{652A31A0-FF5A-49C1-9953-F77D3D93E1F3}"
EndProject
Project("{2150E333-8FDC-42A3-9474-1A3956D46DE8}") = "Infrastructure", "Infrastructure", "{9E6F4F1C-AED7-4A3D-90B7-F00D92969542}"
EndProject
Project("{2150E333-8FDC-42A3-9474-1A3956D46DE8}") = "Presentation", "Presentation", "{49C4FCB5-2FC8-433B-9EA3-0BD054D27671}"
EndProject
Project("{FAE04EC0-301F-11D3-BF4B-00C04F79EFBC}") = "Domain", "src\Core\Domain\Domain.csproj", "{D295B449-B023-4D3D-9B3B-1A5901720991}"
EndProject
Project("{FAE04EC0-301F-11D3-BF4B-00C04F79EFBC}") = "DomainModelPersistence", "src\Infrastructure\DomainModelPersistence\DomainModelPersistence.csproj", "{FD3FE460-72AB-4C3B-9C62-9DEEB2471D33}"
EndProject
Project("{FAE04EC0-301F-11D3-BF4B-00C04F79EFBC}") = "UnitTest", "UnitTest\UnitTest.csproj", "{C65D9EA5-17FA-44FB-BE26-A338A681B83C}"
EndProject
Project("{FAE04EC0-301F-11D3-BF4B-00C04F79EFBC}") = "Services", "src\Infrastructure\Services\Services.csproj", "{71B4AC51-1B60-4546-9DB8-EB2A440608F7}"
EndProject
Project("{FAE04EC0-301F-11D3-BF4B-00C04F79EFBC}") = "Application", "src\Core\Application\Application.csproj", "{BABF5599-B31B-4D17-AFB9-42DFCA3408D5}"
EndProject
Project("{FAE04EC0-301F-11D3-BF4B-00C04F79EFBC}") = "WebAPI", "src\Presentation\WebAPI\WebAPI.csproj", "{8B959EC3-C9F0-4553-950E-EE10D7B49FAF}"
EndProject
Project("{FAE04EC0-301F-11D3-BF4B-00C04F79EFBC}") = "QueryContracts", "src\Core\QueryContracts\QueryContracts.csproj", "{BDEA37C2-FCAA-44AC-A6DD-F0A8AD012CD9}"
EndProject
Project("{FAE04EC0-301F-11D3-BF4B-00C04F79EFBC}") = "EfcQueries", "src\Infrastructure\EfcQueries\EfcQueries.csproj", "{4F827FB2-C775-4A40-9C53-2C97B314B865}"
EndProject
Project("{FAE04EC0-301F-11D3-BF4B-00C04F79EFBC}") = "IntegrationTests", "IntegrationTests\IntegrationTests.csproj", "{C7E1AA12-40E0-4FF5-82FC-5832240B2554}"
EndProject
Project("{2150E333-8FDC-42A3-9474-1A3956D46DE8}") = "Tools", "Tools", "{F2EBC139-B4EF-4959-8D6A-6618E7D728A5}"
EndProject
Project("{FAE04EC0-301F-11D3-BF4B-00C04F79EFBC}") = "OperationResult", "src\Core\Tools\OperationResult\OperationResult.csproj", "{9D9092A6-4144-4D93-AF46-5A8C18F08C23}"
EndProject
Global
	GlobalSection(SolutionConfigurationPlatforms) = preSolution
		Debug|Any CPU = Debug|Any CPU
		Release|Any CPU = Release|Any CPU
	EndGlobalSection
	GlobalSection(NestedProjects) = preSolution
		{0E5B9AE0-4C70-4707-A6DB-7B126BC1928D} = {30C7E79B-09B0-4D3E-AF2D-73813D73C8E7}
		{9E6F4F1C-AED7-4A3D-90B7-F00D92969542} = {30C7E79B-09B0-4D3E-AF2D-73813D73C8E7}
		{49C4FCB5-2FC8-433B-9EA3-0BD054D27671} = {30C7E79B-09B0-4D3E-AF2D-73813D73C8E7}
		{D295B449-B023-4D3D-9B3B-1A5901720991} = {0E5B9AE0-4C70-4707-A6DB-7B126BC1928D}
		{FD3FE460-72AB-4C3B-9C62-9DEEB2471D33} = {9E6F4F1C-AED7-4A3D-90B7-F00D92969542}
		{C65D9EA5-17FA-44FB-BE26-A338A681B83C} = {652A31A0-FF5A-49C1-9953-F77D3D93E1F3}
		{71B4AC51-1B60-4546-9DB8-EB2A440608F7} = {9E6F4F1C-AED7-4A3D-90B7-F00D92969542}
		{BABF5599-B31B-4D17-AFB9-42DFCA3408D5} = {0E5B9AE0-4C70-4707-A6DB-7B126BC1928D}
		{8B959EC3-C9F0-4553-950E-EE10D7B49FAF} = {49C4FCB5-2FC8-433B-9EA3-0BD054D27671}
		{BDEA37C2-FCAA-44AC-A6DD-F0A8AD012CD9} = {0E5B9AE0-4C70-4707-A6DB-7B126BC1928D}
		{4F827FB2-C775-4A40-9C53-2C97B314B865} = {9E6F4F1C-AED7-4A3D-90B7-F00D92969542}
		{C7E1AA12-40E0-4FF5-82FC-5832240B2554} = {652A31A0-FF5A-49C1-9953-F77D3D93E1F3}
		{F2EBC139-B4EF-4959-8D6A-6618E7D728A5} = {0E5B9AE0-4C70-4707-A6DB-7B126BC1928D}
		{9D9092A6-4144-4D93-AF46-5A8C18F08C23} = {F2EBC139-B4EF-4959-8D6A-6618E7D728A5}
	EndGlobalSection
	GlobalSection(ProjectConfigurationPlatforms) = postSolution
		{D295B449-B023-4D3D-9B3B-1A5901720991}.Debug|Any CPU.ActiveCfg = Debug|Any CPU
		{D295B449-B023-4D3D-9B3B-1A5901720991}.Debug|Any CPU.Build.0 = Debug|Any CPU
		{D295B449-B023-4D3D-9B3B-1A5901720991}.Release|Any CPU.ActiveCfg = Release|Any CPU
		{D295B449-B023-4D3D-9B3B-1A5901720991}.Release|Any CPU.Build.0 = Release|Any CPU
		{FD3FE460-72AB-4C3B-9C62-9DEEB2471D33}.Debug|Any CPU.ActiveCfg = Debug|Any CPU
		{FD3FE460-72AB-4C3B-9C62-9DEEB2471D33}.Debug|Any CPU.Build.0 = Debug|Any CPU
		{FD3FE460-72AB-4C3B-9C62-9DEEB2471D33}.Release|Any CPU.ActiveCfg = Release|Any CPU
		{FD3FE460-72AB-4C3B-9C62-9DEEB2471D33}.Release|Any CPU.Build.0 = Release|Any CPU
		{C65D9EA5-17FA-44FB-BE26-A338A681B83C}.Debug|Any CPU.ActiveCfg = Debug|Any CPU
		{C65D9EA5-17FA-44FB-BE26-A338A681B83C}.Debug|Any CPU.Build.0 = Debug|Any CPU
		{C65D9EA5-17FA-44FB-BE26-A338A681B83C}.Release|Any CPU.ActiveCfg = Release|Any CPU
		{C65D9EA5-17FA-44FB-BE26-A338A681B83C}.Release|Any CPU.Build.0 = Release|Any CPU
		{71B4AC51-1B60-4546-9DB8-EB2A440608F7}.Debug|Any CPU.ActiveCfg = Debug|Any CPU
		{71B4AC51-1B60-4546-9DB8-EB2A440608F7}.Debug|Any CPU.Build.0 = Debug|Any CPU
		{71B4AC51-1B60-4546-9DB8-EB2A440608F7}.Release|Any CPU.ActiveCfg = Release|Any CPU
		{71B4AC51-1B60-4546-9DB8-EB2A440608F7}.Release|Any CPU.Build.0 = Release|Any CPU
		{BABF5599-B31B-4D17-AFB9-42DFCA3408D5}.Debug|Any CPU.ActiveCfg = Debug|Any CPU
		{BABF5599-B31B-4D17-AFB9-42DFCA3408D5}.Debug|Any CPU.Build.0 = Debug|Any CPU
		{BABF5599-B31B-4D17-AFB9-42DFCA3408D5}.Release|Any CPU.ActiveCfg = Release|Any CPU
		{BABF5599-B31B-4D17-AFB9-42DFCA3408D5}.Release|Any CPU.Build.0 = Release|Any CPU
		{8B959EC3-C9F0-4553-950E-EE10D7B49FAF}.Debug|Any CPU.ActiveCfg = Debug|Any CPU
		{8B959EC3-C9F0-4553-950E-EE10D7B49FAF}.Debug|Any CPU.Build.0 = Debug|Any CPU
		{8B959EC3-C9F0-4553-950E-EE10D7B49FAF}.Release|Any CPU.ActiveCfg = Release|Any CPU
		{8B959EC3-C9F0-4553-950E-EE10D7B49FAF}.Release|Any CPU.Build.0 = Release|Any CPU
		{BDEA37C2-FCAA-44AC-A6DD-F0A8AD012CD9}.Debug|Any CPU.ActiveCfg = Debug|Any CPU
		{BDEA37C2-FCAA-44AC-A6DD-F0A8AD012CD9}.Debug|Any CPU.Build.0 = Debug|Any CPU
		{BDEA37C2-FCAA-44AC-A6DD-F0A8AD012CD9}.Release|Any CPU.ActiveCfg = Release|Any CPU
		{BDEA37C2-FCAA-44AC-A6DD-F0A8AD012CD9}.Release|Any CPU.Build.0 = Release|Any CPU
		{4F827FB2-C775-4A40-9C53-2C97B314B865}.Debug|Any CPU.ActiveCfg = Debug|Any CPU
		{4F827FB2-C775-4A40-9C53-2C97B314B865}.Debug|Any CPU.Build.0 = Debug|Any CPU
		{4F827FB2-C775-4A40-9C53-2C97B314B865}.Release|Any CPU.ActiveCfg = Release|Any CPU
		{4F827FB2-C775-4A40-9C53-2C97B314B865}.Release|Any CPU.Build.0 = Release|Any CPU
		{C7E1AA12-40E0-4FF5-82FC-5832240B2554}.Debug|Any CPU.ActiveCfg = Debug|Any CPU
		{C7E1AA12-40E0-4FF5-82FC-5832240B2554}.Debug|Any CPU.Build.0 = Debug|Any CPU
		{C7E1AA12-40E0-4FF5-82FC-5832240B2554}.Release|Any CPU.ActiveCfg = Release|Any CPU
		{C7E1AA12-40E0-4FF5-82FC-5832240B2554}.Release|Any CPU.Build.0 = Release|Any CPU
		{9D9092A6-4144-4D93-AF46-5A8C18F08C23}.Debug|Any CPU.ActiveCfg = Debug|Any CPU
		{9D9092A6-4144-4D93-AF46-5A8C18F08C23}.Debug|Any CPU.Build.0 = Debug|Any CPU
		{9D9092A6-4144-4D93-AF46-5A8C18F08C23}.Release|Any CPU.ActiveCfg = Release|Any CPU
		{9D9092A6-4144-4D93-AF46-5A8C18F08C23}.Release|Any CPU.Build.0 = Release|Any CPU
	EndGlobalSection
EndGlobal
