
Microsoft Visual Studio Solution File, Format Version 12.00
Project("{2150E333-8FDC-42A3-9474-1A3956D46DE8}") = "src", "src", "{30C7E79B-09B0-4D3E-AF2D-73813D73C8E7}"
EndProject
Project("{2150E333-8FDC-42A3-9474-1A3956D46DE8}") = "Core", "Core", "{0E5B9AE0-4C70-4707-A6DB-7B126BC1928D}"
EndProject
Project("{2150E333-8FDC-42A3-9474-1A3956D46DE8}") = "Tests", "Tests", "{652A31A0-FF5A-49C1-9953-F77D3D93E1F3}"
EndProject
Project("{2150E333-8FDC-42A3-9474-1A3956D46DE8}") = "Infrastructure", "Infrastructure", "{9E6F4F1C-AED7-4A3D-90B7-F00D92969542}"
EndProject
Project("{2150E333-8FDC-42A3-9474-1A3956D46DE8}") = "Application", "Application", "{10CC43DC-58D4-4F7B-87CD-A544F85F8646}"
EndProject
Project("{2150E333-8FDC-42A3-9474-1A3956D46DE8}") = "Presentation", "Presentation", "{49C4FCB5-2FC8-433B-9EA3-0BD054D27671}"
EndProject
Project("{FAE04EC0-301F-11D3-BF4B-00C04F79EFBC}") = "Services", "src\Application\Services\Services.csproj", "{2B2467A4-7EFD-43B8-A711-600D7D5BD243}"
EndProject
Project("{FAE04EC0-301F-11D3-BF4B-00C04F79EFBC}") = "Domain", "src\Core\Domain\Domain.csproj", "{D295B449-B023-4D3D-9B3B-1A5901720991}"
EndProject
Project("{FAE04EC0-301F-11D3-BF4B-00C04F79EFBC}") = "Repositories", "src\Infrastructure\Repositories\Repositories.csproj", "{FD3FE460-72AB-4C3B-9C62-9DEEB2471D33}"
EndProject
Project("{FAE04EC0-301F-11D3-BF4B-00C04F79EFBC}") = "Endpoints", "src\Presentation\Endpoints\Endpoints.csproj", "{40EBA499-14B5-462E-8748-F54D3526A155}"
EndProject
Global
	GlobalSection(SolutionConfigurationPlatforms) = preSolution
		Debug|Any CPU = Debug|Any CPU
		Release|Any CPU = Release|Any CPU
	EndGlobalSection
	GlobalSection(NestedProjects) = preSolution
		{0E5B9AE0-4C70-4707-A6DB-7B126BC1928D} = {30C7E79B-09B0-4D3E-AF2D-73813D73C8E7}
		{9E6F4F1C-AED7-4A3D-90B7-F00D92969542} = {30C7E79B-09B0-4D3E-AF2D-73813D73C8E7}
		{10CC43DC-58D4-4F7B-87CD-A544F85F8646} = {30C7E79B-09B0-4D3E-AF2D-73813D73C8E7}
		{49C4FCB5-2FC8-433B-9EA3-0BD054D27671} = {30C7E79B-09B0-4D3E-AF2D-73813D73C8E7}
		{2B2467A4-7EFD-43B8-A711-600D7D5BD243} = {10CC43DC-58D4-4F7B-87CD-A544F85F8646}
		{D295B449-B023-4D3D-9B3B-1A5901720991} = {0E5B9AE0-4C70-4707-A6DB-7B126BC1928D}
		{FD3FE460-72AB-4C3B-9C62-9DEEB2471D33} = {9E6F4F1C-AED7-4A3D-90B7-F00D92969542}
		{40EBA499-14B5-462E-8748-F54D3526A155} = {49C4FCB5-2FC8-433B-9EA3-0BD054D27671}
	EndGlobalSection
	GlobalSection(ProjectConfigurationPlatforms) = postSolution
		{2B2467A4-7EFD-43B8-A711-600D7D5BD243}.Debug|Any CPU.ActiveCfg = Debug|Any CPU
		{2B2467A4-7EFD-43B8-A711-600D7D5BD243}.Debug|Any CPU.Build.0 = Debug|Any CPU
		{2B2467A4-7EFD-43B8-A711-600D7D5BD243}.Release|Any CPU.ActiveCfg = Release|Any CPU
		{2B2467A4-7EFD-43B8-A711-600D7D5BD243}.Release|Any CPU.Build.0 = Release|Any CPU
		{D295B449-B023-4D3D-9B3B-1A5901720991}.Debug|Any CPU.ActiveCfg = Debug|Any CPU
		{D295B449-B023-4D3D-9B3B-1A5901720991}.Debug|Any CPU.Build.0 = Debug|Any CPU
		{D295B449-B023-4D3D-9B3B-1A5901720991}.Release|Any CPU.ActiveCfg = Release|Any CPU
		{D295B449-B023-4D3D-9B3B-1A5901720991}.Release|Any CPU.Build.0 = Release|Any CPU
		{FD3FE460-72AB-4C3B-9C62-9DEEB2471D33}.Debug|Any CPU.ActiveCfg = Debug|Any CPU
		{FD3FE460-72AB-4C3B-9C62-9DEEB2471D33}.Debug|Any CPU.Build.0 = Debug|Any CPU
		{FD3FE460-72AB-4C3B-9C62-9DEEB2471D33}.Release|Any CPU.ActiveCfg = Release|Any CPU
		{FD3FE460-72AB-4C3B-9C62-9DEEB2471D33}.Release|Any CPU.Build.0 = Release|Any CPU
		{40EBA499-14B5-462E-8748-F54D3526A155}.Debug|Any CPU.ActiveCfg = Debug|Any CPU
		{40EBA499-14B5-462E-8748-F54D3526A155}.Debug|Any CPU.Build.0 = Debug|Any CPU
		{40EBA499-14B5-462E-8748-F54D3526A155}.Release|Any CPU.ActiveCfg = Release|Any CPU
		{40EBA499-14B5-462E-8748-F54D3526A155}.Release|Any CPU.Build.0 = Release|Any CPU
	EndGlobalSection
EndGlobal
